
Microsoft Visual Studio Solution File, Format Version 12.00
# Visual Studio Version 16
VisualStudioVersion = 16.0.29728.190
MinimumVisualStudioVersion = 10.0.40219.1
Project("{FAE04EC0-301F-11D3-BF4B-00C04F79EFBC}") = "AirVandB", "AirVandB.csproj", "{3B47F392-02BE-4EEA-9BAB-4179851559E4}"
EndProject
Global
	GlobalSection(SolutionConfigurationPlatforms) = preSolution
		Debug|Any CPU = Debug|Any CPU
		Release|Any CPU = Release|Any CPU
	EndGlobalSection
	GlobalSection(ProjectConfigurationPlatforms) = postSolution
		{3B47F392-02BE-4EEA-9BAB-4179851559E4}.Debug|Any CPU.ActiveCfg = Debug|Any CPU
		{3B47F392-02BE-4EEA-9BAB-4179851559E4}.Debug|Any CPU.Build.0 = Debug|Any CPU
		{3B47F392-02BE-4EEA-9BAB-4179851559E4}.Release|Any CPU.ActiveCfg = Release|Any CPU
		{3B47F392-02BE-4EEA-9BAB-4179851559E4}.Release|Any CPU.Build.0 = Release|Any CPU
	EndGlobalSection
	GlobalSection(SolutionProperties) = preSolution
		HideSolutionNode = FALSE
	EndGlobalSection
	GlobalSection(ExtensibilityGlobals) = postSolution
		SolutionGuid = {F39B0972-E600-42DC-8C21-6A120D4A7052}
	EndGlobalSection
EndGlobal
